
Microsoft Visual Studio Solution File, Format Version 12.00
# Visual Studio Version 16
VisualStudioVersion = 16.0.30114.105
MinimumVisualStudioVersion = 10.0.40219.1
Project("{FAE04EC0-301F-11D3-BF4B-00C04F79EFBC}") = "BookStore-API", "BookStore-API\BookStore-API.csproj", "{A5E5329F-AF40-43CE-A128-D5CCF76C41CB}"
EndProject
Global
	GlobalSection(SolutionConfigurationPlatforms) = preSolution
		Debug|Any CPU = Debug|Any CPU
		Release|Any CPU = Release|Any CPU
	EndGlobalSection
	GlobalSection(ProjectConfigurationPlatforms) = postSolution
		{A5E5329F-AF40-43CE-A128-D5CCF76C41CB}.Debug|Any CPU.ActiveCfg = Debug|Any CPU
		{A5E5329F-AF40-43CE-A128-D5CCF76C41CB}.Debug|Any CPU.Build.0 = Debug|Any CPU
		{A5E5329F-AF40-43CE-A128-D5CCF76C41CB}.Release|Any CPU.ActiveCfg = Release|Any CPU
		{A5E5329F-AF40-43CE-A128-D5CCF76C41CB}.Release|Any CPU.Build.0 = Release|Any CPU
	EndGlobalSection
	GlobalSection(SolutionProperties) = preSolution
		HideSolutionNode = FALSE
	EndGlobalSection
	GlobalSection(ExtensibilityGlobals) = postSolution
		SolutionGuid = {71094F9E-5B3A-447A-8A9D-768FD50CC6B8}
	EndGlobalSection
EndGlobal
